// !$*UTF8*$!
{
	archiveVersion = 1;
	classes = {
	};
	objectVersion = 50;
	objects = {

/* Begin PBXBuildFile section */
		4F1985F325E8829D00919DC6 /* Music_PlayerApp.swift in Sources */ = {isa = PBXBuildFile; fileRef = 4F1985F225E8829D00919DC6 /* Music_PlayerApp.swift */; };
		4F1985F525E8829D00919DC6 /* ContentView.swift in Sources */ = {isa = PBXBuildFile; fileRef = 4F1985F425E8829D00919DC6 /* ContentView.swift */; };
		4F1985F725E8829E00919DC6 /* Assets.xcassets in Resources */ = {isa = PBXBuildFile; fileRef = 4F1985F625E8829E00919DC6 /* Assets.xcassets */; };
		4F1985FA25E8829E00919DC6 /* Preview Assets.xcassets in Resources */ = {isa = PBXBuildFile; fileRef = 4F1985F925E8829E00919DC6 /* Preview Assets.xcassets */; };
		4F19860525E8829E00919DC6 /* Music_PlayerTests.swift in Sources */ = {isa = PBXBuildFile; fileRef = 4F19860425E8829E00919DC6 /* Music_PlayerTests.swift */; };
		4F19861025E8829E00919DC6 /* Music_PlayerUITests.swift in Sources */ = {isa = PBXBuildFile; fileRef = 4F19860F25E8829E00919DC6 /* Music_PlayerUITests.swift */; };
		4F19864825E89C3D00919DC6 /* Swimming-Pools-Drank.mp3 in Resources */ = {isa = PBXBuildFile; fileRef = 4F19864725E89C3D00919DC6 /* Swimming-Pools-Drank.mp3 */; };
		4F19865D25E89D9800919DC6 /* lose yourself.mp3 in Resources */ = {isa = PBXBuildFile; fileRef = 4F19865C25E89D9800919DC6 /* lose yourself.mp3 */; };
/* End PBXBuildFile section */

/* Begin PBXContainerItemProxy section */
		4F19860125E8829E00919DC6 /* PBXContainerItemProxy */ = {
			isa = PBXContainerItemProxy;
			containerPortal = 4F1985E725E8829D00919DC6 /* Project object */;
			proxyType = 1;
			remoteGlobalIDString = 4F1985EE25E8829D00919DC6;
			remoteInfo = "Music Player";
		};
		4F19860C25E8829E00919DC6 /* PBXContainerItemProxy */ = {
			isa = PBXContainerItemProxy;
			containerPortal = 4F1985E725E8829D00919DC6 /* Project object */;
			proxyType = 1;
			remoteGlobalIDString = 4F1985EE25E8829D00919DC6;
			remoteInfo = "Music Player";
		};
/* End PBXContainerItemProxy section */

/* Begin PBXFileReference section */
		4F1985EF25E8829D00919DC6 /* Music Player.app */ = {isa = PBXFileReference; explicitFileType = wrapper.application; includeInIndex = 0; path = "Music Player.app"; sourceTree = BUILT_PRODUCTS_DIR; };
		4F1985F225E8829D00919DC6 /* Music_PlayerApp.swift */ = {isa = PBXFileReference; lastKnownFileType = sourcecode.swift; path = Music_PlayerApp.swift; sourceTree = "<group>"; };
		4F1985F425E8829D00919DC6 /* ContentView.swift */ = {isa = PBXFileReference; lastKnownFileType = sourcecode.swift; path = ContentView.swift; sourceTree = "<group>"; };
		4F1985F625E8829E00919DC6 /* Assets.xcassets */ = {isa = PBXFileReference; lastKnownFileType = folder.assetcatalog; path = Assets.xcassets; sourceTree = "<group>"; };
		4F1985F925E8829E00919DC6 /* Preview Assets.xcassets */ = {isa = PBXFileReference; lastKnownFileType = folder.assetcatalog; path = "Preview Assets.xcassets"; sourceTree = "<group>"; };
		4F1985FB25E8829E00919DC6 /* Info.plist */ = {isa = PBXFileReference; lastKnownFileType = text.plist.xml; path = Info.plist; sourceTree = "<group>"; };
		4F19860025E8829E00919DC6 /* Music PlayerTests.xctest */ = {isa = PBXFileReference; explicitFileType = wrapper.cfbundle; includeInIndex = 0; path = "Music PlayerTests.xctest"; sourceTree = BUILT_PRODUCTS_DIR; };
		4F19860425E8829E00919DC6 /* Music_PlayerTests.swift */ = {isa = PBXFileReference; lastKnownFileType = sourcecode.swift; path = Music_PlayerTests.swift; sourceTree = "<group>"; };
		4F19860625E8829E00919DC6 /* Info.plist */ = {isa = PBXFileReference; lastKnownFileType = text.plist.xml; path = Info.plist; sourceTree = "<group>"; };
		4F19860B25E8829E00919DC6 /* Music PlayerUITests.xctest */ = {isa = PBXFileReference; explicitFileType = wrapper.cfbundle; includeInIndex = 0; path = "Music PlayerUITests.xctest"; sourceTree = BUILT_PRODUCTS_DIR; };
		4F19860F25E8829E00919DC6 /* Music_PlayerUITests.swift */ = {isa = PBXFileReference; lastKnownFileType = sourcecode.swift; path = Music_PlayerUITests.swift; sourceTree = "<group>"; };
		4F19861125E8829E00919DC6 /* Info.plist */ = {isa = PBXFileReference; lastKnownFileType = text.plist.xml; path = Info.plist; sourceTree = "<group>"; };
		4F19864725E89C3D00919DC6 /* Swimming-Pools-Drank.mp3 */ = {isa = PBXFileReference; lastKnownFileType = audio.mp3; name = "Swimming-Pools-Drank.mp3"; path = "../../../Desktop/Swimming-Pools-Drank.mp3"; sourceTree = "<group>"; };
		4F19865C25E89D9800919DC6 /* lose yourself.mp3 */ = {isa = PBXFileReference; lastKnownFileType = audio.mp3; name = "lose yourself.mp3"; path = "../../../Desktop/lose yourself.mp3"; sourceTree = "<group>"; };
/* End PBXFileReference section */

/* Begin PBXFrameworksBuildPhase section */
		4F1985EC25E8829D00919DC6 /* Frameworks */ = {
			isa = PBXFrameworksBuildPhase;
			buildActionMask = 2147483647;
			files = (
			);
			runOnlyForDeploymentPostprocessing = 0;
		};
		4F1985FD25E8829E00919DC6 /* Frameworks */ = {
			isa = PBXFrameworksBuildPhase;
			buildActionMask = 2147483647;
			files = (
			);
			runOnlyForDeploymentPostprocessing = 0;
		};
		4F19860825E8829E00919DC6 /* Frameworks */ = {
			isa = PBXFrameworksBuildPhase;
			buildActionMask = 2147483647;
			files = (
			);
			runOnlyForDeploymentPostprocessing = 0;
		};
/* End PBXFrameworksBuildPhase section */

/* Begin PBXGroup section */
		4F1985E625E8829D00919DC6 = {
			isa = PBXGroup;
			children = (
				4F1985F125E8829D00919DC6 /* Music Player */,
				4F19860325E8829E00919DC6 /* Music PlayerTests */,
				4F19860E25E8829E00919DC6 /* Music PlayerUITests */,
				4F1985F025E8829D00919DC6 /* Products */,
			);
			sourceTree = "<group>";
		};
		4F1985F025E8829D00919DC6 /* Products */ = {
			isa = PBXGroup;
			children = (
				4F1985EF25E8829D00919DC6 /* Music Player.app */,
				4F19860025E8829E00919DC6 /* Music PlayerTests.xctest */,
				4F19860B25E8829E00919DC6 /* Music PlayerUITests.xctest */,
			);
			name = Products;
			sourceTree = "<group>";
		};
		4F1985F125E8829D00919DC6 /* Music Player */ = {
			isa = PBXGroup;
			children = (
				4F19864725E89C3D00919DC6 /* Swimming-Pools-Drank.mp3 */,
				4F19865C25E89D9800919DC6 /* lose yourself.mp3 */,
				4F1985F225E8829D00919DC6 /* Music_PlayerApp.swift */,
				4F1985F425E8829D00919DC6 /* ContentView.swift */,
				4F1985F625E8829E00919DC6 /* Assets.xcassets */,
				4F1985FB25E8829E00919DC6 /* Info.plist */,
				4F1985F825E8829E00919DC6 /* Preview Content */,
			);
			path = "Music Player";
			sourceTree = "<group>";
		};
		4F1985F825E8829E00919DC6 /* Preview Content */ = {
			isa = PBXGroup;
			children = (
				4F1985F925E8829E00919DC6 /* Preview Assets.xcassets */,
			);
			path = "Preview Content";
			sourceTree = "<group>";
		};
		4F19860325E8829E00919DC6 /* Music PlayerTests */ = {
			isa = PBXGroup;
			children = (
				4F19860425E8829E00919DC6 /* Music_PlayerTests.swift */,
				4F19860625E8829E00919DC6 /* Info.plist */,
			);
			path = "Music PlayerTests";
			sourceTree = "<group>";
		};
		4F19860E25E8829E00919DC6 /* Music PlayerUITests */ = {
			isa = PBXGroup;
			children = (
				4F19860F25E8829E00919DC6 /* Music_PlayerUITests.swift */,
				4F19861125E8829E00919DC6 /* Info.plist */,
			);
			path = "Music PlayerUITests";
			sourceTree = "<group>";
		};
/* End PBXGroup section */

/* Begin PBXNativeTarget section */
		4F1985EE25E8829D00919DC6 /* Music Player */ = {
			isa = PBXNativeTarget;
			buildConfigurationList = 4F19861425E8829E00919DC6 /* Build configuration list for PBXNativeTarget "Music Player" */;
			buildPhases = (
				4F1985EB25E8829D00919DC6 /* Sources */,
				4F1985EC25E8829D00919DC6 /* Frameworks */,
				4F1985ED25E8829D00919DC6 /* Resources */,
			);
			buildRules = (
			);
			dependencies = (
			);
			name = "Music Player";
			productName = "Music Player";
			productReference = 4F1985EF25E8829D00919DC6 /* Music Player.app */;
			productType = "com.apple.product-type.application";
		};
		4F1985FF25E8829E00919DC6 /* Music PlayerTests */ = {
			isa = PBXNativeTarget;
			buildConfigurationList = 4F19861725E8829E00919DC6 /* Build configuration list for PBXNativeTarget "Music PlayerTests" */;
			buildPhases = (
				4F1985FC25E8829E00919DC6 /* Sources */,
				4F1985FD25E8829E00919DC6 /* Frameworks */,
				4F1985FE25E8829E00919DC6 /* Resources */,
			);
			buildRules = (
			);
			dependencies = (
				4F19860225E8829E00919DC6 /* PBXTargetDependency */,
			);
			name = "Music PlayerTests";
			productName = "Music PlayerTests";
			productReference = 4F19860025E8829E00919DC6 /* Music PlayerTests.xctest */;
			productType = "com.apple.product-type.bundle.unit-test";
		};
		4F19860A25E8829E00919DC6 /* Music PlayerUITests */ = {
			isa = PBXNativeTarget;
			buildConfigurationList = 4F19861A25E8829E00919DC6 /* Build configuration list for PBXNativeTarget "Music PlayerUITests" */;
			buildPhases = (
				4F19860725E8829E00919DC6 /* Sources */,
				4F19860825E8829E00919DC6 /* Frameworks */,
				4F19860925E8829E00919DC6 /* Resources */,
			);
			buildRules = (
			);
			dependencies = (
				4F19860D25E8829E00919DC6 /* PBXTargetDependency */,
			);
			name = "Music PlayerUITests";
			productName = "Music PlayerUITests";
			productReference = 4F19860B25E8829E00919DC6 /* Music PlayerUITests.xctest */;
			productType = "com.apple.product-type.bundle.ui-testing";
		};
/* End PBXNativeTarget section */

/* Begin PBXProject section */
		4F1985E725E8829D00919DC6 /* Project object */ = {
			isa = PBXProject;
			attributes = {
				LastSwiftUpdateCheck = 1240;
				LastUpgradeCheck = 1240;
				TargetAttributes = {
					4F1985EE25E8829D00919DC6 = {
						CreatedOnToolsVersion = 12.4;
					};
					4F1985FF25E8829E00919DC6 = {
						CreatedOnToolsVersion = 12.4;
						TestTargetID = 4F1985EE25E8829D00919DC6;
					};
					4F19860A25E8829E00919DC6 = {
						CreatedOnToolsVersion = 12.4;
						TestTargetID = 4F1985EE25E8829D00919DC6;
					};
				};
			};
			buildConfigurationList = 4F1985EA25E8829D00919DC6 /* Build configuration list for PBXProject "Music Player" */;
			compatibilityVersion = "Xcode 9.3";
			developmentRegion = en;
			hasScannedForEncodings = 0;
			knownRegions = (
				en,
				Base,
			);
			mainGroup = 4F1985E625E8829D00919DC6;
			productRefGroup = 4F1985F025E8829D00919DC6 /* Products */;
			projectDirPath = "";
			projectRoot = "";
			targets = (
				4F1985EE25E8829D00919DC6 /* Music Player */,
				4F1985FF25E8829E00919DC6 /* Music PlayerTests */,
				4F19860A25E8829E00919DC6 /* Music PlayerUITests */,
			);
		};
/* End PBXProject section */

/* Begin PBXResourcesBuildPhase section */
		4F1985ED25E8829D00919DC6 /* Resources */ = {
			isa = PBXResourcesBuildPhase;
			buildActionMask = 2147483647;
			files = (
				4F19864825E89C3D00919DC6 /* Swimming-Pools-Drank.mp3 in Resources */,
				4F1985FA25E8829E00919DC6 /* Preview Assets.xcassets in Resources */,
				4F1985F725E8829E00919DC6 /* Assets.xcassets in Resources */,
				4F19865D25E89D9800919DC6 /* lose yourself.mp3 in Resources */,
			);
			runOnlyForDeploymentPostprocessing = 0;
		};
		4F1985FE25E8829E00919DC6 /* Resources */ = {
			isa = PBXResourcesBuildPhase;
			buildActionMask = 2147483647;
			files = (
			);
			runOnlyForDeploymentPostprocessing = 0;
		};
		4F19860925E8829E00919DC6 /* Resources */ = {
			isa = PBXResourcesBuildPhase;
			buildActionMask = 2147483647;
			files = (
			);
			runOnlyForDeploymentPostprocessing = 0;
		};
/* End PBXResourcesBuildPhase section */

/* Begin PBXSourcesBuildPhase section */
		4F1985EB25E8829D00919DC6 /* Sources */ = {
			isa = PBXSourcesBuildPhase;
			buildActionMask = 2147483647;
			files = (
				4F1985F525E8829D00919DC6 /* ContentView.swift in Sources */,
				4F1985F325E8829D00919DC6 /* Music_PlayerApp.swift in Sources */,
			);
			runOnlyForDeploymentPostprocessing = 0;
		};
		4F1985FC25E8829E00919DC6 /* Sources */ = {
			isa = PBXSourcesBuildPhase;
			buildActionMask = 2147483647;
			files = (
				4F19860525E8829E00919DC6 /* Music_PlayerTests.swift in Sources */,
			);
			runOnlyForDeploymentPostprocessing = 0;
		};
		4F19860725E8829E00919DC6 /* Sources */ = {
			isa = PBXSourcesBuildPhase;
			buildActionMask = 2147483647;
			files = (
				4F19861025E8829E00919DC6 /* Music_PlayerUITests.swift in Sources */,
			);
			runOnlyForDeploymentPostprocessing = 0;
		};
/* End PBXSourcesBuildPhase section */

/* Begin PBXTargetDependency section */
		4F19860225E8829E00919DC6 /* PBXTargetDependency */ = {
			isa = PBXTargetDependency;
			target = 4F1985EE25E8829D00919DC6 /* Music Player */;
			targetProxy = 4F19860125E8829E00919DC6 /* PBXContainerItemProxy */;
		};
		4F19860D25E8829E00919DC6 /* PBXTargetDependency */ = {
			isa = PBXTargetDependency;
			target = 4F1985EE25E8829D00919DC6 /* Music Player */;
			targetProxy = 4F19860C25E8829E00919DC6 /* PBXContainerItemProxy */;
		};
/* End PBXTargetDependency section */

/* Begin XCBuildConfiguration section */
		4F19861225E8829E00919DC6 /* Debug */ = {
			isa = XCBuildConfiguration;
			buildSettings = {
				ALWAYS_SEARCH_USER_PATHS = NO;
				CLANG_ANALYZER_NONNULL = YES;
				CLANG_ANALYZER_NUMBER_OBJECT_CONVERSION = YES_AGGRESSIVE;
				CLANG_CXX_LANGUAGE_STANDARD = "gnu++14";
				CLANG_CXX_LIBRARY = "libc++";
				CLANG_ENABLE_MODULES = YES;
				CLANG_ENABLE_OBJC_ARC = YES;
				CLANG_ENABLE_OBJC_WEAK = YES;
				CLANG_WARN_BLOCK_CAPTURE_AUTORELEASING = YES;
				CLANG_WARN_BOOL_CONVERSION = YES;
				CLANG_WARN_COMMA = YES;
				CLANG_WARN_CONSTANT_CONVERSION = YES;
				CLANG_WARN_DEPRECATED_OBJC_IMPLEMENTATIONS = YES;
				CLANG_WARN_DIRECT_OBJC_ISA_USAGE = YES_ERROR;
				CLANG_WARN_DOCUMENTATION_COMMENTS = YES;
				CLANG_WARN_EMPTY_BODY = YES;
				CLANG_WARN_ENUM_CONVERSION = YES;
				CLANG_WARN_INFINITE_RECURSION = YES;
				CLANG_WARN_INT_CONVERSION = YES;
				CLANG_WARN_NON_LITERAL_NULL_CONVERSION = YES;
				CLANG_WARN_OBJC_IMPLICIT_RETAIN_SELF = YES;
				CLANG_WARN_OBJC_LITERAL_CONVERSION = YES;
				CLANG_WARN_OBJC_ROOT_CLASS = YES_ERROR;
				CLANG_WARN_QUOTED_INCLUDE_IN_FRAMEWORK_HEADER = YES;
				CLANG_WARN_RANGE_LOOP_ANALYSIS = YES;
				CLANG_WARN_STRICT_PROTOTYPES = YES;
				CLANG_WARN_SUSPICIOUS_MOVE = YES;
				CLANG_WARN_UNGUARDED_AVAILABILITY = YES_AGGRESSIVE;
				CLANG_WARN_UNREACHABLE_CODE = YES;
				CLANG_WARN__DUPLICATE_METHOD_MATCH = YES;
				COPY_PHASE_STRIP = NO;
				DEBUG_INFORMATION_FORMAT = dwarf;
				ENABLE_STRICT_OBJC_MSGSEND = YES;
				ENABLE_TESTABILITY = YES;
				GCC_C_LANGUAGE_STANDARD = gnu11;
				GCC_DYNAMIC_NO_PIC = NO;
				GCC_NO_COMMON_BLOCKS = YES;
				GCC_OPTIMIZATION_LEVEL = 0;
				GCC_PREPROCESSOR_DEFINITIONS = (
					"DEBUG=1",
					"$(inherited)",
				);
				GCC_WARN_64_TO_32_BIT_CONVERSION = YES;
				GCC_WARN_ABOUT_RETURN_TYPE = YES_ERROR;
				GCC_WARN_UNDECLARED_SELECTOR = YES;
				GCC_WARN_UNINITIALIZED_AUTOS = YES_AGGRESSIVE;
				GCC_WARN_UNUSED_FUNCTION = YES;
				GCC_WARN_UNUSED_VARIABLE = YES;
				IPHONEOS_DEPLOYMENT_TARGET = 14.4;
				MTL_ENABLE_DEBUG_INFO = INCLUDE_SOURCE;
				MTL_FAST_MATH = YES;
				ONLY_ACTIVE_ARCH = YES;
				SDKROOT = iphoneos;
				SWIFT_ACTIVE_COMPILATION_CONDITIONS = DEBUG;
				SWIFT_OPTIMIZATION_LEVEL = "-Onone";
			};
			name = Debug;
		};
		4F19861325E8829E00919DC6 /* Release */ = {
			isa = XCBuildConfiguration;
			buildSettings = {
				ALWAYS_SEARCH_USER_PATHS = NO;
				CLANG_ANALYZER_NONNULL = YES;
				CLANG_ANALYZER_NUMBER_OBJECT_CONVERSION = YES_AGGRESSIVE;
				CLANG_CXX_LANGUAGE_STANDARD = "gnu++14";
				CLANG_CXX_LIBRARY = "libc++";
				CLANG_ENABLE_MODULES = YES;
				CLANG_ENABLE_OBJC_ARC = YES;
				CLANG_ENABLE_OBJC_WEAK = YES;
				CLANG_WARN_BLOCK_CAPTURE_AUTORELEASING = YES;
				CLANG_WARN_BOOL_CONVERSION = YES;
				CLANG_WARN_COMMA = YES;
				CLANG_WARN_CONSTANT_CONVERSION = YES;
				CLANG_WARN_DEPRECATED_OBJC_IMPLEMENTATIONS = YES;
				CLANG_WARN_DIRECT_OBJC_ISA_USAGE = YES_ERROR;
				CLANG_WARN_DOCUMENTATION_COMMENTS = YES;
				CLANG_WARN_EMPTY_BODY = YES;
				CLANG_WARN_ENUM_CONVERSION = YES;
				CLANG_WARN_INFINITE_RECURSION = YES;
				CLANG_WARN_INT_CONVERSION = YES;
				CLANG_WARN_NON_LITERAL_NULL_CONVERSION = YES;
				CLANG_WARN_OBJC_IMPLICIT_RETAIN_SELF = YES;
				CLANG_WARN_OBJC_LITERAL_CONVERSION = YES;
				CLANG_WARN_OBJC_ROOT_CLASS = YES_ERROR;
				CLANG_WARN_QUOTED_INCLUDE_IN_FRAMEWORK_HEADER = YES;
				CLANG_WARN_RANGE_LOOP_ANALYSIS = YES;
				CLANG_WARN_STRICT_PROTOTYPES = YES;
				CLANG_WARN_SUSPICIOUS_MOVE = YES;
				CLANG_WARN_UNGUARDED_AVAILABILITY = YES_AGGRESSIVE;
				CLANG_WARN_UNREACHABLE_CODE = YES;
				CLANG_WARN__DUPLICATE_METHOD_MATCH = YES;
				COPY_PHASE_STRIP = NO;
				DEBUG_INFORMATION_FORMAT = "dwarf-with-dsym";
				ENABLE_NS_ASSERTIONS = NO;
				ENABLE_STRICT_OBJC_MSGSEND = YES;
				GCC_C_LANGUAGE_STANDARD = gnu11;
				GCC_NO_COMMON_BLOCKS = YES;
				GCC_WARN_64_TO_32_BIT_CONVERSION = YES;
				GCC_WARN_ABOUT_RETURN_TYPE = YES_ERROR;
				GCC_WARN_UNDECLARED_SELECTOR = YES;
				GCC_WARN_UNINITIALIZED_AUTOS = YES_AGGRESSIVE;
				GCC_WARN_UNUSED_FUNCTION = YES;
				GCC_WARN_UNUSED_VARIABLE = YES;
				IPHONEOS_DEPLOYMENT_TARGET = 14.4;
				MTL_ENABLE_DEBUG_INFO = NO;
				MTL_FAST_MATH = YES;
				SDKROOT = iphoneos;
				SWIFT_COMPILATION_MODE = wholemodule;
				SWIFT_OPTIMIZATION_LEVEL = "-O";
				VALIDATE_PRODUCT = YES;
			};
			name = Release;
		};
		4F19861525E8829E00919DC6 /* Debug */ = {
			isa = XCBuildConfiguration;
			buildSettings = {
				ASSETCATALOG_COMPILER_APPICON_NAME = AppIcon;
				ASSETCATALOG_COMPILER_GLOBAL_ACCENT_COLOR_NAME = AccentColor;
				CODE_SIGN_STYLE = Automatic;
				DEVELOPMENT_ASSET_PATHS = "\"Music Player/Preview Content\"";
				DEVELOPMENT_TEAM = 59YGBXANL9;
				ENABLE_PREVIEWS = YES;
				INFOPLIST_FILE = "Music Player/Info.plist";
				IPHONEOS_DEPLOYMENT_TARGET = 14.0;
				LD_RUNPATH_SEARCH_PATHS = (
					"$(inherited)",
					"@executable_path/Frameworks",
				);
				PRODUCT_BUNDLE_IDENTIFIER = "Javi.Music-Player";
				PRODUCT_NAME = "$(TARGET_NAME)";
				SWIFT_VERSION = 5.0;
				TARGETED_DEVICE_FAMILY = "1,2";
			};
			name = Debug;
		};
		4F19861625E8829E00919DC6 /* Release */ = {
			isa = XCBuildConfiguration;
			buildSettings = {
				ASSETCATALOG_COMPILER_APPICON_NAME = AppIcon;
				ASSETCATALOG_COMPILER_GLOBAL_ACCENT_COLOR_NAME = AccentColor;
				CODE_SIGN_STYLE = Automatic;
				DEVELOPMENT_ASSET_PATHS = "\"Music Player/Preview Content\"";
				DEVELOPMENT_TEAM = 59YGBXANL9;
				ENABLE_PREVIEWS = YES;
				INFOPLIST_FILE = "Music Player/Info.plist";
				IPHONEOS_DEPLOYMENT_TARGET = 14.0;
				LD_RUNPATH_SEARCH_PATHS = (
					"$(inherited)",
					"@executable_path/Frameworks",
				);
				PRODUCT_BUNDLE_IDENTIFIER = "Javi.Music-Player";
				PRODUCT_NAME = "$(TARGET_NAME)";
				SWIFT_VERSION = 5.0;
				TARGETED_DEVICE_FAMILY = "1,2";
			};
			name = Release;
		};
		4F19861825E8829E00919DC6 /* Debug */ = {
			isa = XCBuildConfiguration;
			buildSettings = {
				ALWAYS_EMBED_SWIFT_STANDARD_LIBRARIES = YES;
				BUNDLE_LOADER = "$(TEST_HOST)";
				CODE_SIGN_STYLE = Automatic;
				INFOPLIST_FILE = "Music PlayerTests/Info.plist";
				IPHONEOS_DEPLOYMENT_TARGET = 14.0;
				LD_RUNPATH_SEARCH_PATHS = (
					"$(inherited)",
					"@executable_path/Frameworks",
					"@loader_path/Frameworks",
				);
				PRODUCT_BUNDLE_IDENTIFIER = "Javi.Music-PlayerTests";
				PRODUCT_NAME = "$(TARGET_NAME)";
				SWIFT_VERSION = 5.0;
				TARGETED_DEVICE_FAMILY = "1,2";
				TEST_HOST = "$(BUILT_PRODUCTS_DIR)/Music Player.app/Music Player";
			};
			name = Debug;
		};
		4F19861925E8829E00919DC6 /* Release */ = {
			isa = XCBuildConfiguration;
			buildSettings = {
				ALWAYS_EMBED_SWIFT_STANDARD_LIBRARIES = YES;
				BUNDLE_LOADER = "$(TEST_HOST)";
				CODE_SIGN_STYLE = Automatic;
				INFOPLIST_FILE = "Music PlayerTests/Info.plist";
				IPHONEOS_DEPLOYMENT_TARGET = 14.0;
				LD_RUNPATH_SEARCH_PATHS = (
					"$(inherited)",
					"@executable_path/Frameworks",
					"@loader_path/Frameworks",
				);
				PRODUCT_BUNDLE_IDENTIFIER = "Javi.Music-PlayerTests";
				PRODUCT_NAME = "$(TARGET_NAME)";
				SWIFT_VERSION = 5.0;
				TARGETED_DEVICE_FAMILY = "1,2";
				TEST_HOST = "$(BUILT_PRODUCTS_DIR)/Music Player.app/Music Player";
			};
			name = Release;
		};
		4F19861B25E8829E00919DC6 /* Debug */ = {
			isa = XCBuildConfiguration;
			buildSettings = {
				ALWAYS_EMBED_SWIFT_STANDARD_LIBRARIES = YES;
				CODE_SIGN_STYLE = Automatic;
				INFOPLIST_FILE = "Music PlayerUITests/Info.plist";
				LD_RUNPATH_SEARCH_PATHS = (
					"$(inherited)",
					"@executable_path/Frameworks",
					"@loader_path/Frameworks",
				);
				PRODUCT_BUNDLE_IDENTIFIER = "Javi.Music-PlayerUITests";
				PRODUCT_NAME = "$(TARGET_NAME)";
				SWIFT_VERSION = 5.0;
				TARGETED_DEVICE_FAMILY = "1,2";
				TEST_TARGET_NAME = "Music Player";
			};
			name = Debug;
		};
		4F19861C25E8829E00919DC6 /* Release */ = {
			isa = XCBuildConfiguration;
			buildSettings = {
				ALWAYS_EMBED_SWIFT_STANDARD_LIBRARIES = YES;
				CODE_SIGN_STYLE = Automatic;
				INFOPLIST_FILE = "Music PlayerUITests/Info.plist";
				LD_RUNPATH_SEARCH_PATHS = (
					"$(inherited)",
					"@executable_path/Frameworks",
					"@loader_path/Frameworks",
				);
				PRODUCT_BUNDLE_IDENTIFIER = "Javi.Music-PlayerUITests";
				PRODUCT_NAME = "$(TARGET_NAME)";
				SWIFT_VERSION = 5.0;
				TARGETED_DEVICE_FAMILY = "1,2";
				TEST_TARGET_NAME = "Music Player";
			};
			name = Release;
		};
/* End XCBuildConfiguration section */

/* Begin XCConfigurationList section */
		4F1985EA25E8829D00919DC6 /* Build configuration list for PBXProject "Music Player" */ = {
			isa = XCConfigurationList;
			buildConfigurations = (
				4F19861225E8829E00919DC6 /* Debug */,
				4F19861325E8829E00919DC6 /* Release */,
			);
			defaultConfigurationIsVisible = 0;
			defaultConfigurationName = Release;
		};
		4F19861425E8829E00919DC6 /* Build configuration list for PBXNativeTarget "Music Player" */ = {
			isa = XCConfigurationList;
			buildConfigurations = (
				4F19861525E8829E00919DC6 /* Debug */,
				4F19861625E8829E00919DC6 /* Release */,
			);
			defaultConfigurationIsVisible = 0;
			defaultConfigurationName = Release;
		};
		4F19861725E8829E00919DC6 /* Build configuration list for PBXNativeTarget "Music PlayerTests" */ = {
			isa = XCConfigurationList;
			buildConfigurations = (
				4F19861825E8829E00919DC6 /* Debug */,
				4F19861925E8829E00919DC6 /* Release */,
			);
			defaultConfigurationIsVisible = 0;
			defaultConfigurationName = Release;
		};
		4F19861A25E8829E00919DC6 /* Build configuration list for PBXNativeTarget "Music PlayerUITests" */ = {
			isa = XCConfigurationList;
			buildConfigurations = (
				4F19861B25E8829E00919DC6 /* Debug */,
				4F19861C25E8829E00919DC6 /* Release */,
			);
			defaultConfigurationIsVisible = 0;
			defaultConfigurationName = Release;
		};
/* End XCConfigurationList section */
	};
	rootObject = 4F1985E725E8829D00919DC6 /* Project object */;
}
